PODS:
  - SDWebImage (5.13.5):
    - SDWebImage/Core (= 5.13.5)
  - SDWebImage/Core (5.13.5)

DEPENDENCIES:
  - SDWebImage

SPEC REPOS:
  trunk:
    - SDWebImage

SPEC CHECKSUMS:
  SDWebImage: 23d714cd599354ee7906dbae26dff89b421c4370

PODFILE CHECKSUM: 95ded26115311c132c5874545bcd25ba9e6b4496

COCOAPODS: 1.11.3
